
Microsoft Visual Studio Solution File, Format Version 12.00
# Visual Studio Version 17
VisualStudioVersion = 17.7.34031.279
MinimumVisualStudioVersion = 10.0.40219.1
Project("{8BC9CEB8-8B4A-11D0-8D11-00A0C91BC942}") = "windowsProject11", "windowsProject11\windowsProject11.vcxproj", "{B617F1B2-E1B5-4405-BE3B-14A796C4BEF7}"
EndProject
Global
	GlobalSection(SolutionConfigurationPlatforms) = preSolution
		Debug|x64 = Debug|x64
		Debug|x86 = Debug|x86
		Release|x64 = Release|x64
		Release|x86 = Release|x86
	EndGlobalSection
	GlobalSection(ProjectConfigurationPlatforms) = postSolution
		{B617F1B2-E1B5-4405-BE3B-14A796C4BEF7}.Debug|x64.ActiveCfg = Debug|x64
		{B617F1B2-E1B5-4405-BE3B-14A796C4BEF7}.Debug|x64.Build.0 = Debug|x64
		{B617F1B2-E1B5-4405-BE3B-14A796C4BEF7}.Debug|x86.ActiveCfg = Debug|Win32
		{B617F1B2-E1B5-4405-BE3B-14A796C4BEF7}.Debug|x86.Build.0 = Debug|Win32
		{B617F1B2-E1B5-4405-BE3B-14A796C4BEF7}.Release|x64.ActiveCfg = Release|x64
		{B617F1B2-E1B5-4405-BE3B-14A796C4BEF7}.Release|x64.Build.0 = Release|x64
		{B617F1B2-E1B5-4405-BE3B-14A796C4BEF7}.Release|x86.ActiveCfg = Release|Win32
		{B617F1B2-E1B5-4405-BE3B-14A796C4BEF7}.Release|x86.Build.0 = Release|Win32
	EndGlobalSection
	GlobalSection(SolutionProperties) = preSolution
		HideSolutionNode = FALSE
	EndGlobalSection
	GlobalSection(ExtensibilityGlobals) = postSolution
		SolutionGuid = {C392A119-918D-4970-974E-691B9673B6A4}
	EndGlobalSection
EndGlobal
